
Microsoft Visual Studio Solution File, Format Version 12.00
# Visual Studio Version 16
VisualStudioVersion = 16.0.30320.27
MinimumVisualStudioVersion = 10.0.40219.1
Project("{9A19103F-16F7-4668-BE54-9A1E7A4F7556}") = "AfterRenderExecution", "AfterRenderExecution.csproj", "{BDEA4C70-8985-4A2D-843C-20BA12A46EA3}"
EndProject
Global
	GlobalSection(SolutionConfigurationPlatforms) = preSolution
		Debug|Any CPU = Debug|Any CPU
		Release|Any CPU = Release|Any CPU
	EndGlobalSection
	GlobalSection(ProjectConfigurationPlatforms) = postSolution
		{BDEA4C70-8985-4A2D-843C-20BA12A46EA3}.Debug|Any CPU.ActiveCfg = Debug|Any CPU
		{BDEA4C70-8985-4A2D-843C-20BA12A46EA3}.Debug|Any CPU.Build.0 = Debug|Any CPU
		{BDEA4C70-8985-4A2D-843C-20BA12A46EA3}.Release|Any CPU.ActiveCfg = Release|Any CPU
		{BDEA4C70-8985-4A2D-843C-20BA12A46EA3}.Release|Any CPU.Build.0 = Release|Any CPU
	EndGlobalSection
	GlobalSection(SolutionProperties) = preSolution
		HideSolutionNode = FALSE
	EndGlobalSection
	GlobalSection(ExtensibilityGlobals) = postSolution
		SolutionGuid = {EDF20044-8499-474D-8EE8-D7658BC59396}
	EndGlobalSection
EndGlobal
